
Microsoft Visual Studio Solution File, Format Version 12.00
# Visual Studio Version 16
VisualStudioVersion = 16.0.28803.452
MinimumVisualStudioVersion = 10.0.40219.1
Project("{FAE04EC0-301F-11D3-BF4B-00C04F79EFBC}") = "Num_meth_3", "Num_meth_3\Num_meth_3.csproj", "{961044C0-7364-4D5C-A72D-C501C4879B8F}"
EndProject
Global
	GlobalSection(SolutionConfigurationPlatforms) = preSolution
		Debug|Any CPU = Debug|Any CPU
		Release|Any CPU = Release|Any CPU
	EndGlobalSection
	GlobalSection(ProjectConfigurationPlatforms) = postSolution
		{961044C0-7364-4D5C-A72D-C501C4879B8F}.Debug|Any CPU.ActiveCfg = Debug|Any CPU
		{961044C0-7364-4D5C-A72D-C501C4879B8F}.Debug|Any CPU.Build.0 = Debug|Any CPU
		{961044C0-7364-4D5C-A72D-C501C4879B8F}.Release|Any CPU.ActiveCfg = Release|Any CPU
		{961044C0-7364-4D5C-A72D-C501C4879B8F}.Release|Any CPU.Build.0 = Release|Any CPU
	EndGlobalSection
	GlobalSection(SolutionProperties) = preSolution
		HideSolutionNode = FALSE
	EndGlobalSection
	GlobalSection(ExtensibilityGlobals) = postSolution
		SolutionGuid = {70AF8F13-A319-4DA5-9046-7369C03651D1}
	EndGlobalSection
EndGlobal
